{
  "name": "PomeloRobotDemo",
  "version": "0.1.1",
  "lockfileVersion": 3,
  "requires": true,
  "packages": {
    "": {
      "name": "PomeloRobotDemo",
      "version": "0.1.1",
      "dependencies": {
        "async": "^2.1.4",
        "mysql": "2.13.0",
        "pomelo-logger": "^0.1.7",
        "pomelo-nodejsclient-websocket": "0.0.2",
        "pomelo-protobuf": "0.4.0",
        "pomelo-protocol": "0.1.6",
        "socket.io": "1.7.*",
        "socket.io-client": "1.7.*",
        "underscore": "1.5.2",
        "util": "^0.12.5",
        "ws": "1.1.1"
      }
    },
    "node_modules/accepts": {
      "version": "1.3.3",
      "resolved": "https://r2.cnpmjs.org/accepts/-/accepts-1.3.3.tgz",
      "integrity": "sha512-AOPopplFOUlmUugwiZUCDpOwmqvSgdCyE8iJVLWI4NcB7qfMKQN34dn5xYtlUU03XGG5egRWW4NW5gIxpa5hEA==",
      "dependencies": {
        "mime-types": "~2.1.11",
        "negotiator": "0.6.1"
      },
      "engines": {
        "node": ">= 0.6"
      }
    },
    "node_modules/after": {
      "version": "0.8.2",
      "resolved": "https://r2.cnpmjs.org/after/-/after-0.8.2.tgz",
      "integrity": "sha512-QbJ0NTQ/I9DI3uSJA4cbexiwQeRAfjPScqIbSjUDd9TOrcg6pTkdgziesOqxBMBzit8vFCTwrP27t13vFOORRA=="
    },
    "node_modules/arraybuffer.slice": {
      "version": "0.0.6",
      "resolved": "https://r2.cnpmjs.org/arraybuffer.slice/-/arraybuffer.slice-0.0.6.tgz",
      "integrity": "sha512-6ZjfQaBSy6CuIH0+B0NrxMfDE5VIOCP/5gOqSpEIsaAZx9/giszzrXg6PZ7G51U/n88UmlAgYLNQ9wAnII7PJA=="
    },
    "node_modules/async": {
      "version": "2.6.4",
      "resolved": "https://r.cnpmjs.org/async/-/async-2.6.4.tgz",
      "integrity": "sha512-mzo5dfJYwAn29PeiJ0zvwTo04zj8HDJj0Mn8TD7sno7q12prdbnasKJHhkm2c1LgrhlJ0teaea8860oxi51mGA==",
      "dependencies": {
        "lodash": "^4.17.14"
      }
    },
    "node_modules/available-typed-arrays": {
      "version": "1.0.7",
      "resolved": "https://r.cnpmjs.org/available-typed-arrays/-/available-typed-arrays-1.0.7.tgz",
      "integrity": "sha512-wvUjBtSGN7+7SjNpq/9M2Tg350UZD3q62IFZLbRAR1bSMlCo1ZaeW+BJ+D090e4hIIZLBcTDWe4Mh4jvUDajzQ==",
      "dependencies": {
        "possible-typed-array-names": "^1.0.0"
      },
      "engines": {
        "node": ">= 0.4"
      }
    },
    "node_modules/backo2": {
      "version": "1.0.2",
      "resolved": "https://r2.cnpmjs.org/backo2/-/backo2-1.0.2.tgz",
      "integrity": "sha512-zj6Z6M7Eq+PBZ7PQxl5NT665MvJdAkzp0f60nAJ+sLaSCBPMwVak5ZegFbgVCzFcCJTKFoMizvM5Ld7+JrRJHA=="
    },
    "node_modules/base64-arraybuffer": {
      "version": "0.1.5",
      "resolved": "https://r2.cnpmjs.org/base64-arraybuffer/-/base64-arraybuffer-0.1.5.tgz",
      "integrity": "sha512-437oANT9tP582zZMwSvZGy2nmSeAb8DW2me3y+Uv1Wp2Rulr8Mqlyrv3E7MLxmsiaPSMMDmiDVzgE+e8zlMx9g==",
      "engines": {
        "node": ">= 0.6.0"
      }
    },
    "node_modules/base64id": {
      "version": "1.0.0",
      "resolved": "https://r2.cnpmjs.org/base64id/-/base64id-1.0.0.tgz",
      "integrity": "sha512-rz8L+d/xByiB/vLVftPkyY215fqNrmasrcJsYkVcm4TgJNz+YXKrFaFAWibSaHkiKoSgMDCb+lipOIRQNGYesw==",
      "engines": {
        "node": ">= 0.4.0"
      }
    },
    "node_modules/better-assert": {
      "version": "1.0.2",
      "resolved": "https://r2.cnpmjs.org/better-assert/-/better-assert-1.0.2.tgz",
      "integrity": "sha512-bYeph2DFlpK1XmGs6fvlLRUN29QISM3GBuUwSFsMY2XRx4AvC0WNCS57j4c/xGrK2RS24C1w3YoBOsw9fT46tQ==",
      "dependencies": {
        "callsite": "1.0.0"
      },
      "engines": {
        "node": "*"
      }
    },
    "node_modules/bignumber.js": {
      "version": "3.1.2",
      "resolved": "https://r2.cnpmjs.org/bignumber.js/-/bignumber.js-3.1.2.tgz",
      "integrity": "sha512-eI/GriEWjYdgkdhunjCwvzJY1JTxXreiy3Q+EbFfzYn9n/h4HiInmWf7OQDe/YLPBOQy3kZ4w+mw0UDf0UQYKw==",
      "engines": {
        "node": "*"
      }
    },
    "node_modules/bindings": {
      "version": "1.2.1",
      "resolved": "https://r2.cnpmjs.org/bindings/-/bindings-1.2.1.tgz",
      "integrity": "sha512-u4cBQNepWxYA55FunZSM7wMi55yQaN0otnhhilNoWHq0MfOfJeQx0v0mRRpolGOExPjZcl6FtB0BB8Xkb88F0g==",
      "optional": true
    },
    "node_modules/blob": {
      "version": "0.0.4",
      "resolved": "https://r.cnpmjs.org/blob/-/blob-0.0.4.tgz",
      "integrity": "sha512-YRc9zvVz4wNaxcXmiSgb9LAg7YYwqQ2xd0Sj6osfA7k/PKmIGVlnOYs3wOFdkRC9/JpQu8sGt/zHgJV7xzerfg=="
    },
    "node_modules/bufferutil": {
      "version": "1.2.1",
      "resolved": "https://r2.cnpmjs.org/bufferutil/-/bufferutil-1.2.1.tgz",
      "integrity": "sha512-rtE2s2JHFmfaldMwWFSUaPTxfxq6Um3xw9PEUK5bAfW83UTXp3WQpE7slnD2bd9GUgb0BA7JC/7ZxeBrIq+8Dw==",
      "hasInstallScript": true,
      "optional": true,
      "dependencies": {
        "bindings": "1.2.x",
        "nan": "^2.0.5"
      }
    },
    "node_modules/call-bind": {
      "version": "1.0.7",
      "resolved": "https://r.cnpmjs.org/call-bind/-/call-bind-1.0.7.tgz",
      "integrity": "sha512-GHTSNSYICQ7scH7sZ+M2rFopRoLh8t2bLSW6BbgrtLsahOIB5iyAVJf9GjWK3cYTDaMj4XdBpM1cA6pIS0Kv2w==",
      "dependencies": {
        "es-define-property": "^1.0.0",
        "es-errors": "^1.3.0",
        "function-bind": "^1.1.2",
        "get-intrinsic": "^1.2.4",
        "set-function-length": "^1.2.1"
      },
      "engines": {
        "node": ">= 0.4"
      },
      "funding": {
        "url": "https://github.com/sponsors/ljharb"
      }
    },
    "node_modules/callsite": {
      "version": "1.0.0",
      "resolved": "https://r2.cnpmjs.org/callsite/-/callsite-1.0.0.tgz",
      "integrity": "sha512-0vdNRFXn5q+dtOqjfFtmtlI9N2eVZ7LMyEV2iKC5mEEFvSg/69Ml6b/WU2qF8W1nLRa0wiSrDT3Y5jOHZCwKPQ==",
      "engines": {
        "node": "*"
      }
    },
    "node_modules/component-bind": {
      "version": "1.0.0",
      "resolved": "https://r2.cnpmjs.org/component-bind/-/component-bind-1.0.0.tgz",
      "integrity": "sha512-WZveuKPeKAG9qY+FkYDeADzdHyTYdIboXS59ixDeRJL5ZhxpqUnxSOwop4FQjMsiYm3/Or8cegVbpAHNA7pHxw=="
    },
    "node_modules/component-emitter": {
      "version": "1.2.1",
      "resolved": "https://r2.cnpmjs.org/component-emitter/-/component-emitter-1.2.1.tgz",
      "integrity": "sha512-jPatnhd33viNplKjqXKRkGU345p263OIWzDL2wH3LGIGp5Kojo+uXizHmOADRvhGFFTnJqX3jBAKP6vvmSDKcA=="
    },
    "node_modules/component-inherit": {
      "version": "0.0.3",
      "resolved": "https://r2.cnpmjs.org/component-inherit/-/component-inherit-0.0.3.tgz",
      "integrity": "sha512-w+LhYREhatpVqTESyGFg3NlP6Iu0kEKUHETY9GoZP/pQyW4mHFZuFWRUCIqVPZ36ueVLtoOEZaAqbCF2RDndaA=="
    },
    "node_modules/cookie": {
      "version": "0.3.1",
      "resolved": "https://r2.cnpmjs.org/cookie/-/cookie-0.3.1.tgz",
      "integrity": "sha512-+IJOX0OqlHCszo2mBUq+SrEbCj6w7Kpffqx60zYbPTFaO4+yYgRjHwcZNpWvaTylDHaV7PPmBHzSecZiMhtPgw==",
      "engines": {
        "node": ">= 0.6"
      }
    },
    "node_modules/core-util-is": {
      "version": "1.0.3",
      "resolved": "https://r2.cnpmjs.org/core-util-is/-/core-util-is-1.0.3.tgz",
      "integrity": "sha512-ZQBvi1DcpJ4GDqanjucZ2Hj3wEO5pZDS89BWbkcrvdxksJorwUDDZamX9ldFkp9aw2lmBDLgkObEA4DWNJ9FYQ=="
    },
    "node_modules/debug": {
      "version": "2.3.3",
      "resolved": "https://r2.cnpmjs.org/debug/-/debug-2.3.3.tgz",
      "integrity": "sha512-dCHp4G+F11zb+RtEu7BE2U8R32AYmM/4bljQfut8LipH3PdwsVBVGh083MXvtKkB7HSQUzSwiXz53c4mzJvYfw==",
      "dependencies": {
        "ms": "0.7.2"
      }
    },
    "node_modules/define-data-property": {
      "version": "1.1.4",
      "resolved": "https://r.cnpmjs.org/define-data-property/-/define-data-property-1.1.4.tgz",
      "integrity": "sha512-rBMvIzlpA8v6E+SJZoo++HAYqsLrkg7MSfIinMPFhmkorw7X+dOXVJQs+QT69zGkzMyfDnIMN2Wid1+NbL3T+A==",
      "dependencies": {
        "es-define-property": "^1.0.0",
        "es-errors": "^1.3.0",
        "gopd": "^1.0.1"
      },
      "engines": {
        "node": ">= 0.4"
      },
      "funding": {
        "url": "https://github.com/sponsors/ljharb"
      }
    },
    "node_modules/engine.io": {
      "version": "1.8.5",
      "resolved": "https://r2.cnpmjs.org/engine.io/-/engine.io-1.8.5.tgz",
      "integrity": "sha512-j1DWIcktw4hRwrv6nWx++5nFH2X64x16MAG2P0Lmi5Dvdfi3I+Jhc7JKJIdAmDJa+5aZ/imHV7dWRPy2Cqjh3A==",
      "dependencies": {
        "accepts": "1.3.3",
        "base64id": "1.0.0",
        "cookie": "0.3.1",
        "debug": "2.3.3",
        "engine.io-parser": "1.3.2",
        "ws": "~1.1.5"
      }
    },
    "node_modules/engine.io-client": {
      "version": "1.8.6",
      "resolved": "https://r2.cnpmjs.org/engine.io-client/-/engine.io-client-1.8.6.tgz",
      "integrity": "sha512-6+rInQu8xU7c0fIF6RC4SRKuHVWPt8Xq0bZYS4lMrTwmhRineOlEMsU3X0zS5mHIvCgJsmpOKEX7DhihGk7j0g==",
      "dependencies": {
        "component-emitter": "1.2.1",
        "component-inherit": "0.0.3",
        "debug": "2.3.3",
        "engine.io-parser": "1.3.2",
        "has-cors": "1.1.0",
        "indexof": "0.0.1",
        "parsejson": "0.0.3",
        "parseqs": "0.0.5",
        "parseuri": "0.0.5",
        "ws": "~1.1.5",
        "xmlhttprequest-ssl": "1.6.3",
        "yeast": "0.1.2"
      }
    },
    "node_modules/engine.io-client/node_modules/ws": {
      "version": "1.1.5",
      "resolved": "https://r.cnpmjs.org/ws/-/ws-1.1.5.tgz",
      "integrity": "sha512-o3KqipXNUdS7wpQzBHSe180lBGO60SoK0yVo3CYJgb2MkobuWuBX6dhkYP5ORCLd55y+SaflMOV5fqAB53ux4w==",
      "dependencies": {
        "options": ">=0.0.5",
        "ultron": "1.0.x"
      }
    },
    "node_modules/engine.io-parser": {
      "version": "1.3.2",
      "resolved": "https://r2.cnpmjs.org/engine.io-parser/-/engine.io-parser-1.3.2.tgz",
      "integrity": "sha512-3UyTJo+5Jbmr7rd3MosTAApK7BOIo4sjx8dJYSHa3Em5R3A9Y2s9GWu4JFJe6Px0VieJC0hKUA5NBytC+O7k2A==",
      "dependencies": {
        "after": "0.8.2",
        "arraybuffer.slice": "0.0.6",
        "base64-arraybuffer": "0.1.5",
        "blob": "0.0.4",
        "has-binary": "0.1.7",
        "wtf-8": "1.0.0"
      }
    },
    "node_modules/engine.io/node_modules/ws": {
      "version": "1.1.5",
      "resolved": "https://r.cnpmjs.org/ws/-/ws-1.1.5.tgz",
      "integrity": "sha512-o3KqipXNUdS7wpQzBHSe180lBGO60SoK0yVo3CYJgb2MkobuWuBX6dhkYP5ORCLd55y+SaflMOV5fqAB53ux4w==",
      "dependencies": {
        "options": ">=0.0.5",
        "ultron": "1.0.x"
      }
    },
    "node_modules/es-define-property": {
      "version": "1.0.0",
      "resolved": "https://r.cnpmjs.org/es-define-property/-/es-define-property-1.0.0.tgz",
      "integrity": "sha512-jxayLKShrEqqzJ0eumQbVhTYQM27CfT1T35+gCgDFoL82JLsXqTJ76zv6A0YLOgEnLUMvLzsDsGIrl8NFpT2gQ==",
      "dependencies": {
        "get-intrinsic": "^1.2.4"
      },
      "engines": {
        "node": ">= 0.4"
      }
    },
    "node_modules/es-errors": {
      "version": "1.3.0",
      "resolved": "https://r.cnpmjs.org/es-errors/-/es-errors-1.3.0.tgz",
      "integrity": "sha512-Zf5H2Kxt2xjTvbJvP2ZWLEICxA6j+hAmMzIlypy4xcBg1vKVnx89Wy0GbS+kf5cwCVFFzdCFh2XSCFNULS6csw==",
      "engines": {
        "node": ">= 0.4"
      }
    },
    "node_modules/for-each": {
      "version": "0.3.3",
      "resolved": "https://r2.cnpmjs.org/for-each/-/for-each-0.3.3.tgz",
      "integrity": "sha512-jqYfLp7mo9vIyQf8ykW2v7A+2N4QjeCeI5+Dz9XraiO1ign81wjiH7Fb9vSOWvQfNtmSa4H2RoQTrrXivdUZmw==",
      "dependencies": {
        "is-callable": "^1.1.3"
      }
    },
    "node_modules/function-bind": {
      "version": "1.1.2",
      "resolved": "https://r.cnpmjs.org/function-bind/-/function-bind-1.1.2.tgz",
      "integrity": "sha512-7XHNxH7qX9xG5mIwxkhumTox/MIRNcOgDrxWsMt2pAr23WHp6MrRlN7FBSFpCpr+oVO0F744iUgR82nJMfG2SA==",
      "funding": {
        "url": "https://github.com/sponsors/ljharb"
      }
    },
    "node_modules/get-intrinsic": {
      "version": "1.2.4",
      "resolved": "https://r.cnpmjs.org/get-intrinsic/-/get-intrinsic-1.2.4.tgz",
      "integrity": "sha512-5uYhsJH8VJBTv7oslg4BznJYhDoRI6waYCxMmCdnTrcCrHA/fCFKoTFz2JKKE0HdDFUF7/oQuhzumXJK7paBRQ==",
      "dependencies": {
        "es-errors": "^1.3.0",
        "function-bind": "^1.1.2",
        "has-proto": "^1.0.1",
        "has-symbols": "^1.0.3",
        "hasown": "^2.0.0"
      },
      "engines": {
        "node": ">= 0.4"
      },
      "funding": {
        "url": "https://github.com/sponsors/ljharb"
      }
    },
    "node_modules/gopd": {
      "version": "1.0.1",
      "resolved": "https://r.cnpmjs.org/gopd/-/gopd-1.0.1.tgz",
      "integrity": "sha512-d65bNlIadxvpb/A2abVdlqKqV563juRnZ1Wtk6s1sIR8uNsXR70xqIzVqxVf1eTqDunwT2MkczEeaezCKTZhwA==",
      "dependencies": {
        "get-intrinsic": "^1.1.3"
      },
      "funding": {
        "url": "https://github.com/sponsors/ljharb"
      }
    },
    "node_modules/has-binary": {
      "version": "0.1.7",
      "resolved": "https://r2.cnpmjs.org/has-binary/-/has-binary-0.1.7.tgz",
      "integrity": "sha512-k1Umb4/jrBWZbtL+QKSji8qWeoZ7ZTkXdnDXt1wxwBKAFM0//u96wDj43mBIqCIas8rDQMYyrBEvcS8hdGd4Sg==",
      "dependencies": {
        "isarray": "0.0.1"
      }
    },
    "node_modules/has-cors": {
      "version": "1.1.0",
      "resolved": "https://r2.cnpmjs.org/has-cors/-/has-cors-1.1.0.tgz",
      "integrity": "sha512-g5VNKdkFuUuVCP9gYfDJHjK2nqdQJ7aDLTnycnc2+RvsOQbuLdF5pm7vuE5J76SEBIQjs4kQY/BWq74JUmjbXA=="
    },
    "node_modules/has-property-descriptors": {
      "version": "1.0.2",
      "resolved": "https://r.cnpmjs.org/has-property-descriptors/-/has-property-descriptors-1.0.2.tgz",
      "integrity": "sha512-55JNKuIW+vq4Ke1BjOTjM2YctQIvCT7GFzHwmfZPGo5wnrgkid0YQtnAleFSqumZm4az3n2BS+erby5ipJdgrg==",
      "dependencies": {
        "es-define-property": "^1.0.0"
      },
      "funding": {
        "url": "https://github.com/sponsors/ljharb"
      }
    },
    "node_modules/has-proto": {
      "version": "1.0.3",
      "resolved": "https://r.cnpmjs.org/has-proto/-/has-proto-1.0.3.tgz",
      "integrity": "sha512-SJ1amZAJUiZS+PhsVLf5tGydlaVB8EdFpaSO4gmiUKUOxk8qzn5AIy4ZeJUmh22znIdk/uMAUT2pl3FxzVUH+Q==",
      "engines": {
        "node": ">= 0.4"
      },
      "funding": {
        "url": "https://github.com/sponsors/ljharb"
      }
    },
    "node_modules/has-symbols": {
      "version": "1.0.3",
      "resolved": "https://r.cnpmjs.org/has-symbols/-/has-symbols-1.0.3.tgz",
      "integrity": "sha512-l3LCuF6MgDNwTDKkdYGEihYjt5pRPbEg46rtlmnSPlUbgmB8LOIrKJbYYFBSbnPaJexMKtiPO8hmeRjRz2Td+A==",
      "engines": {
        "node": ">= 0.4"
      },
      "funding": {
        "url": "https://github.com/sponsors/ljharb"
      }
    },
    "node_modules/has-tostringtag": {
      "version": "1.0.2",
      "resolved": "https://r.cnpmjs.org/has-tostringtag/-/has-tostringtag-1.0.2.tgz",
      "integrity": "sha512-NqADB8VjPFLM2V0VvHUewwwsw0ZWBaIdgo+ieHtK3hasLz4qeCRjYcqfB6AQrBggRKppKF8L52/VqdVsO47Dlw==",
      "dependencies": {
        "has-symbols": "^1.0.3"
      },
      "engines": {
        "node": ">= 0.4"
      }
    },
    "node_modules/hasown": {
      "version": "2.0.2",
      "resolved": "https://r.cnpmjs.org/hasown/-/hasown-2.0.2.tgz",
      "integrity": "sha512-0hJU9SCPvmMzIBdZFqNPXWa6dqh7WdH0cII9y+CyS8rG3nL48Bclra9HmKhVVUHyPWNH5Y7xDwAB7bfgSjkUMQ==",
      "dependencies": {
        "function-bind": "^1.1.2"
      },
      "engines": {
        "node": ">= 0.4"
      }
    },
    "node_modules/indexof": {
      "version": "0.0.1",
      "resolved": "https://r2.cnpmjs.org/indexof/-/indexof-0.0.1.tgz",
      "integrity": "sha512-i0G7hLJ1z0DE8dsqJa2rycj9dBmNKgXBvotXtZYXakU9oivfB9Uj2ZBC27qqef2U58/ZLwalxa1X/RDCdkHtVg=="
    },
    "node_modules/inherits": {
      "version": "2.0.4",
      "resolved": "https://r2.cnpmjs.org/inherits/-/inherits-2.0.4.tgz",
      "integrity": "sha512-k/vGaX4/Yla3WzyMCvTQOXYeIHvqOKtnqBduzTHpzpQZzAskKMhZ2K+EnBiSM9zGSoIFeMpXKxa4dYeZIQqewQ=="
    },
    "node_modules/is-arguments": {
      "version": "1.1.1",
      "resolved": "https://r2.cnpmjs.org/is-arguments/-/is-arguments-1.1.1.tgz",
      "integrity": "sha512-8Q7EARjzEnKpt/PCD7e1cgUS0a6X8u5tdSiMqXhojOdoV9TsMsiO+9VLC5vAmO8N7/GmXn7yjR8qnA6bVAEzfA==",
      "dependencies": {
        "call-bind": "^1.0.2",
        "has-tostringtag": "^1.0.0"
      },
      "engines": {
        "node": ">= 0.4"
      }
    },
    "node_modules/is-callable": {
      "version": "1.2.7",
      "resolved": "https://r.cnpmjs.org/is-callable/-/is-callable-1.2.7.tgz",
      "integrity": "sha512-1BC0BVFhS/p0qtw6enp8e+8OD0UrK0oFLztSjNzhcKA3WDuJxxAPXzPuPtKkjEY9UUoEWlX/8fgKeu2S8i9JTA==",
      "engines": {
        "node": ">= 0.4"
      }
    },
    "node_modules/is-generator-function": {
      "version": "1.0.10",
      "resolved": "https://r2.cnpmjs.org/is-generator-function/-/is-generator-function-1.0.10.tgz",
      "integrity": "sha512-jsEjy9l3yiXEQ+PsXdmBwEPcOxaXWLspKdplFUVI9vq1iZgIekeC0L167qeu86czQaxed3q/Uzuw0swL0irL8A==",
      "dependencies": {
        "has-tostringtag": "^1.0.0"
      },
      "engines": {
        "node": ">= 0.4"
      }
    },
    "node_modules/is-typed-array": {
      "version": "1.1.13",
      "resolved": "https://r.cnpmjs.org/is-typed-array/-/is-typed-array-1.1.13.tgz",
      "integrity": "sha512-uZ25/bUAlUY5fR4OKT4rZQEBrzQWYV9ZJYGGsUmEJ6thodVJ1HX64ePQ6Z0qPWP+m+Uq6e9UugrE38jeYsDSMw==",
      "dependencies": {
        "which-typed-array": "^1.1.14"
      },
      "engines": {
        "node": ">= 0.4"
      }
    },
    "node_modules/isarray": {
      "version": "0.0.1",
      "resolved": "https://r2.cnpmjs.org/isarray/-/isarray-0.0.1.tgz",
      "integrity": "sha512-D2S+3GLxWH+uhrNEcoh/fnmYeP8E8/zHl644d/jdA0g2uyXvy3sb0qxotE+ne0LtccHknQzWwZEzhak7oJ0COQ=="
    },
    "node_modules/json3": {
      "version": "3.3.2",
      "resolved": "https://r2.cnpmjs.org/json3/-/json3-3.3.2.tgz",
      "integrity": "sha512-I5YLeauH3rIaE99EE++UeH2M2gSYo8/2TqDac7oZEH6D/DSQ4Woa628Qrfj1X9/OY5Mk5VvIDQaKCDchXaKrmA==",
      "deprecated": "Please use the native JSON object instead of JSON 3"
    },
    "node_modules/lodash": {
      "version": "4.17.21",
      "resolved": "https://r2.cnpmjs.org/lodash/-/lodash-4.17.21.tgz",
      "integrity": "sha512-v2kDEe57lecTulaDIuNTPy3Ry4gLGJ6Z1O3vE1krgXZNrsQ+LFTGHVxVjcXPs17LhbZVGedAJv8XZ1tvj5FvSg=="
    },
    "node_modules/log4js": {
      "version": "0.6.21",
      "resolved": "https://r2.cnpmjs.org/log4js/-/log4js-0.6.21.tgz",
      "integrity": "sha512-FTVbxLoseCb1TWfBMNhlDieSWuoJxVC+F5lQTUYhvbSbd8nduSsGH4m4T5vfXzy2YcDNboHslomKbe6uxvuGEg==",
      "deprecated": "0.x is no longer supported. Please upgrade to 6.x or higher.",
      "dependencies": {
        "async": "~0.2.0",
        "readable-stream": "~1.0.2",
        "semver": "~1.1.4"
      },
      "engines": {
        "node": ">=0.8"
      }
    },
    "node_modules/log4js/node_modules/async": {
      "version": "0.2.10",
      "resolved": "https://r2.cnpmjs.org/async/-/async-0.2.10.tgz",
      "integrity": "sha512-eAkdoKxU6/LkKDBzLpT+t6Ff5EtfSF4wx1WfJiPEEV7WNLnDaRXk0oVysiEPm262roaachGexwUv94WhSgN5TQ=="
    },
    "node_modules/log4js/node_modules/readable-stream": {
      "version": "1.0.34",
      "resolved": "https://r2.cnpmjs.org/readable-stream/-/readable-stream-1.0.34.tgz",
      "integrity": "sha512-ok1qVCJuRkNmvebYikljxJA/UEsKwLl2nI1OmaqAu4/UE+h0wKCHok4XkL/gvi39OacXvw59RJUOFUkDib2rHg==",
      "dependencies": {
        "core-util-is": "~1.0.0",
        "inherits": "~2.0.1",
        "isarray": "0.0.1",
        "string_decoder": "~0.10.x"
      }
    },
    "node_modules/mime-db": {
      "version": "1.52.0",
      "resolved": "https://r.cnpmjs.org/mime-db/-/mime-db-1.52.0.tgz",
      "integrity": "sha512-sPU4uV7dYlvtWJxwwxHD0PuihVNiE7TyAbQ5SWxDCB9mUYvOgroQOwYQQOKPJ8CIbE+1ETVlOoK1UC2nU3gYvg==",
      "engines": {
        "node": ">= 0.6"
      }
    },
    "node_modules/mime-types": {
      "version": "2.1.35",
      "resolved": "https://r.cnpmjs.org/mime-types/-/mime-types-2.1.35.tgz",
      "integrity": "sha512-ZDY+bPm5zTTF+YpCrAU9nK0UgICYPT0QtT1NZWFv4s++TNkcgVaT0g6+4R2uI4MjQjzysHB1zxuWL50hzaeXiw==",
      "dependencies": {
        "mime-db": "1.52.0"
      },
      "engines": {
        "node": ">= 0.6"
      }
    },
    "node_modules/ms": {
      "version": "0.7.2",
      "resolved": "https://r2.cnpmjs.org/ms/-/ms-0.7.2.tgz",
      "integrity": "sha512-5NnE67nQSQDJHVahPJna1PQ/zCXMnQop3yUCxjKPNzCxuyPSKWTQ/5Gu5CZmjetwGLWRA+PzeF5thlbOdbQldA=="
    },
    "node_modules/mysql": {
      "version": "2.13.0",
      "resolved": "https://r2.cnpmjs.org/mysql/-/mysql-2.13.0.tgz",
      "integrity": "sha512-2kAM/bYESTZcaXt/05B7e9+XYx7MFnLvxoYV9mCYq1yn1GZfQ2YjrMm6ZuwMVG8E9XMRvjfgOcwZ93EsFJwwew==",
      "dependencies": {
        "bignumber.js": "3.1.2",
        "readable-stream": "1.1.14",
        "sqlstring": "2.2.0"
      },
      "engines": {
        "node": ">= 0.6"
      }
    },
    "node_modules/nan": {
      "version": "2.20.0",
      "resolved": "https://r.cnpmjs.org/nan/-/nan-2.20.0.tgz",
      "integrity": "sha512-bk3gXBZDGILuuo/6sKtr0DQmSThYHLtNCdSdXk9YkxD/jK6X2vmCyyXBBxyqZ4XcnzTyYEAThfX3DCEnLf6igw==",
      "optional": true
    },
    "node_modules/negotiator": {
      "version": "0.6.1",
      "resolved": "https://r2.cnpmjs.org/negotiator/-/negotiator-0.6.1.tgz",
      "integrity": "sha512-qTxkr1RoLw5Pz+1+PTJ/66hWuyi2LEOeOuIDJDlx6JF8x75bmD5C7qXTg2UlX5W9rLfkqKP+r8q6Vy6NWdWrbw==",
      "engines": {
        "node": ">= 0.6"
      }
    },
    "node_modules/object-assign": {
      "version": "4.1.0",
      "resolved": "https://r2.cnpmjs.org/object-assign/-/object-assign-4.1.0.tgz",
      "integrity": "sha512-Lbc7GfN7XFaK30bzUN3cDYLOkT0dH05S0ax1QikylHUD9+Z9PRF3G1iYwX3kcz+6AlzTFGkUgMxz6l3aUwbwTA==",
      "engines": {
        "node": ">=0.10.0"
      }
    },
    "node_modules/object-component": {
      "version": "0.0.3",
      "resolved": "https://r2.cnpmjs.org/object-component/-/object-component-0.0.3.tgz",
      "integrity": "sha512-S0sN3agnVh2SZNEIGc0N1X4Z5K0JeFbGBrnuZpsxuUh5XLF0BnvWkMjRXo/zGKLd/eghvNIKcx1pQkmUjXIyrA=="
    },
    "node_modules/options": {
      "version": "0.0.6",
      "resolved": "https://r2.cnpmjs.org/options/-/options-0.0.6.tgz",
      "integrity": "sha512-bOj3L1ypm++N+n7CEbbe473A414AB7z+amKYshRb//iuL3MpdDCLhPnw6aVTdKB9g5ZRVHIEp8eUln6L2NUStg==",
      "engines": {
        "node": ">=0.4.0"
      }
    },
    "node_modules/parsejson": {
      "version": "0.0.3",
      "resolved": "https://r2.cnpmjs.org/parsejson/-/parsejson-0.0.3.tgz",
      "integrity": "sha512-v38ZjVbinlZ2r1Rz06WUZEnGoSRcEGX+roMsiWjHeAe23s2qlQUyfmsPQZvh7d8l0E8AZzTIO/RkUr00LfkSiA==",
      "dependencies": {
        "better-assert": "~1.0.0"
      }
    },
    "node_modules/parseqs": {
      "version": "0.0.5",
      "resolved": "https://r2.cnpmjs.org/parseqs/-/parseqs-0.0.5.tgz",
      "integrity": "sha512-B3Nrjw2aL7aI4TDujOzfA4NsEc4u1lVcIRE0xesutH8kjeWF70uk+W5cBlIQx04zUH9NTBvuN36Y9xLRPK6Jjw==",
      "dependencies": {
        "better-assert": "~1.0.0"
      }
    },
    "node_modules/parseuri": {
      "version": "0.0.5",
      "resolved": "https://r2.cnpmjs.org/parseuri/-/parseuri-0.0.5.tgz",
      "integrity": "sha512-ijhdxJu6l5Ru12jF0JvzXVPvsC+VibqeaExlNoMhWN6VQ79PGjkmc7oA4W1lp00sFkNyj0fx6ivPLdV51/UMog==",
      "dependencies": {
        "better-assert": "~1.0.0"
      }
    },
    "node_modules/pomelo-logger": {
      "version": "0.1.7",
      "resolved": "https://r2.cnpmjs.org/pomelo-logger/-/pomelo-logger-0.1.7.tgz",
      "integrity": "sha512-jvjJRWLWa2+vCag0B/Pe25UoemU19IdjNPbrzxCiB/+7bAmV2TF5/x9UuUO5Rlw/DQzu3dIcYLuDtLNclmAevA==",
      "dependencies": {
        "log4js": "0.6.21"
      }
    },
    "node_modules/pomelo-nodejsclient-websocket": {
      "version": "0.0.2",
      "resolved": "https://r2.cnpmjs.org/pomelo-nodejsclient-websocket/-/pomelo-nodejsclient-websocket-0.0.2.tgz",
      "integrity": "sha512-aNwmRdU2s0V4go3YKkl6ZzVxNXb/WvlKMkmRXOAzKNpXL3smbhmG0BppQV8Fc6OSd6Y8CREtbOLuhQ8WfvFgEQ==",
      "dependencies": {
        "pomelo-protobuf": "^0.4.0",
        "pomelo-protocol": "^0.1.6",
        "underscore": "^1.8.3",
        "ws": "^0.8.0"
      }
    },
    "node_modules/pomelo-nodejsclient-websocket/node_modules/underscore": {
      "version": "1.13.6",
      "resolved": "https://r.cnpmjs.org/underscore/-/underscore-1.13.6.tgz",
      "integrity": "sha512-+A5Sja4HP1M08MaXya7p5LvjuM7K6q/2EaC0+iovj/wOcMsTzMvDFbasi/oSapiwOlt252IqsKqPjCl7huKS0A=="
    },
    "node_modules/pomelo-nodejsclient-websocket/node_modules/ws": {
      "version": "0.8.1",
      "resolved": "https://r.cnpmjs.org/ws/-/ws-0.8.1.tgz",
      "integrity": "sha512-nDxDQDUMPnPqHYO4sWI9ln+ssUz1gxXCAFpczkv3LPQMmbC5vpfX1VZid6hqAaqNfI9bEvctLFNdZJBQPtdYCQ==",
      "dependencies": {
        "options": ">=0.0.5",
        "ultron": "1.0.x"
      },
      "optionalDependencies": {
        "bufferutil": "1.2.x",
        "utf-8-validate": "1.2.x"
      }
    },
    "node_modules/pomelo-protobuf": {
      "version": "0.4.0",
      "resolved": "https://r2.cnpmjs.org/pomelo-protobuf/-/pomelo-protobuf-0.4.0.tgz",
      "integrity": "sha512-QbAdJad/QpoGc4xZsHrrYWrpNtr4d1Qzb8b/5uU5BYF3TX4eBmBX5PiFmFq9JDucC38k8Q7PsTe+EN8QVnjldQ=="
    },
    "node_modules/pomelo-protocol": {
      "version": "0.1.6",
      "resolved": "https://r2.cnpmjs.org/pomelo-protocol/-/pomelo-protocol-0.1.6.tgz",
      "integrity": "sha512-K66RJ8g80+3Z6ZlnUD4KVGoAeTgEgMo4bSOC5sr1OZFjEFqvVVRoENY0hnZ7CR41Z2SqyCPmCC6iYEia+FKpBQ=="
    },
    "node_modules/possible-typed-array-names": {
      "version": "1.0.0",
      "resolved": "https://r.cnpmjs.org/possible-typed-array-names/-/possible-typed-array-names-1.0.0.tgz",
      "integrity": "sha512-d7Uw+eZoloe0EHDIYoe+bQ5WXnGMOpmiZFTuMWCwpjzzkL2nTjcKiAk4hh8TjnGye2TwWOk3UXucZ+3rbmBa8Q==",
      "engines": {
        "node": ">= 0.4"
      }
    },
    "node_modules/readable-stream": {
      "version": "1.1.14",
      "resolved": "https://r2.cnpmjs.org/readable-stream/-/readable-stream-1.1.14.tgz",
      "integrity": "sha512-+MeVjFf4L44XUkhM1eYbD8fyEsxcV81pqMSR5gblfcLCHfZvbrqy4/qYHE+/R5HoBUT11WV5O08Cr1n3YXkWVQ==",
      "dependencies": {
        "core-util-is": "~1.0.0",
        "inherits": "~2.0.1",
        "isarray": "0.0.1",
        "string_decoder": "~0.10.x"
      }
    },
    "node_modules/semver": {
      "version": "1.1.4",
      "resolved": "https://r2.cnpmjs.org/semver/-/semver-1.1.4.tgz",
      "integrity": "sha512-9causpLEkYDrfTz7cprleLz9dnlb0oKsKRHl33K92wJmXLhVc2dGlrQGJT/sjtLOAyuoQZl+ClI77+lnvzPSKg==",
      "bin": {
        "semver": "bin/semver"
      }
    },
    "node_modules/set-function-length": {
      "version": "1.2.2",
      "resolved": "https://r.cnpmjs.org/set-function-length/-/set-function-length-1.2.2.tgz",
      "integrity": "sha512-pgRc4hJ4/sNjWCSS9AmnS40x3bNMDTknHgL5UaMBTMyJnU90EgWh1Rz+MC9eFu4BuN/UwZjKQuY/1v3rM7HMfg==",
      "dependencies": {
        "define-data-property": "^1.1.4",
        "es-errors": "^1.3.0",
        "function-bind": "^1.1.2",
        "get-intrinsic": "^1.2.4",
        "gopd": "^1.0.1",
        "has-property-descriptors": "^1.0.2"
      },
      "engines": {
        "node": ">= 0.4"
      }
    },
    "node_modules/socket.io": {
      "version": "1.7.4",
      "resolved": "https://r.cnpmjs.org/socket.io/-/socket.io-1.7.4.tgz",
      "integrity": "sha512-rKMY/U7gBmbHjwrljcPHy+uEXZ5973WvO2DrooL643w1R24SZVzsmhvNmJFjYVhAL4y7wrZJJS/znUfp0VWfKw==",
      "dependencies": {
        "debug": "2.3.3",
        "engine.io": "~1.8.4",
        "has-binary": "0.1.7",
        "object-assign": "4.1.0",
        "socket.io-adapter": "0.5.0",
        "socket.io-client": "1.7.4",
        "socket.io-parser": "2.3.1"
      }
    },
    "node_modules/socket.io-adapter": {
      "version": "0.5.0",
      "resolved": "https://r2.cnpmjs.org/socket.io-adapter/-/socket.io-adapter-0.5.0.tgz",
      "integrity": "sha512-zmYvlFJay9skt4yk1MffE9p93HKvQtyy0BLZ5dRM73bOXFJXNZWq8qZVdY456sLaxdK6fHGiZ7glxzqvzwGzkw==",
      "dependencies": {
        "debug": "2.3.3",
        "socket.io-parser": "2.3.1"
      }
    },
    "node_modules/socket.io-client": {
      "version": "1.7.4",
      "resolved": "https://r2.cnpmjs.org/socket.io-client/-/socket.io-client-1.7.4.tgz",
      "integrity": "sha512-vW9xr9XyTJejFS//7GNZmLTLkUSAcvOSxRXXhrojV+7wboTFB8CuvK1UBCW3NiB2kqyi0h9cTeyD7dXjdUd9jQ==",
      "dependencies": {
        "backo2": "1.0.2",
        "component-bind": "1.0.0",
        "component-emitter": "1.2.1",
        "debug": "2.3.3",
        "engine.io-client": "~1.8.4",
        "has-binary": "0.1.7",
        "indexof": "0.0.1",
        "object-component": "0.0.3",
        "parseuri": "0.0.5",
        "socket.io-parser": "2.3.1",
        "to-array": "0.1.4"
      }
    },
    "node_modules/socket.io-parser": {
      "version": "2.3.1",
      "resolved": "https://r2.cnpmjs.org/socket.io-parser/-/socket.io-parser-2.3.1.tgz",
      "integrity": "sha512-j6l4g/+yWQjmy1yByzg1DPFL4vxQw+NwCJatIxni/AE1wfm17FBtIKSWU4Ay+onrJwDxmC4eK4QS/04ZsqYwZQ==",
      "dependencies": {
        "component-emitter": "1.1.2",
        "debug": "2.2.0",
        "isarray": "0.0.1",
        "json3": "3.3.2"
      }
    },
    "node_modules/socket.io-parser/node_modules/component-emitter": {
      "version": "1.1.2",
      "resolved": "https://r2.cnpmjs.org/component-emitter/-/component-emitter-1.1.2.tgz",
      "integrity": "sha512-YhIbp3PJiznERfjlIkK0ue4obZxt2S60+0W8z24ZymOHT8sHloOqWOqZRU2eN5OlY8U08VFsP02letcu26FilA=="
    },
    "node_modules/socket.io-parser/node_modules/debug": {
      "version": "2.2.0",
      "resolved": "https://r2.cnpmjs.org/debug/-/debug-2.2.0.tgz",
      "integrity": "sha512-X0rGvJcskG1c3TgSCPqHJ0XJgwlcvOC7elJ5Y0hYuKBZoVqWpAMfLOeIh2UI/DCQ5ruodIjvsugZtjUYUw2pUw==",
      "dependencies": {
        "ms": "0.7.1"
      }
    },
    "node_modules/socket.io-parser/node_modules/ms": {
      "version": "0.7.1",
      "resolved": "https://r2.cnpmjs.org/ms/-/ms-0.7.1.tgz",
      "integrity": "sha512-lRLiIR9fSNpnP6TC4v8+4OU7oStC01esuNowdQ34L+Gk8e5Puoc88IqJ+XAY/B3Mn2ZKis8l8HX90oU8ivzUHg=="
    },
    "node_modules/sqlstring": {
      "version": "2.2.0",
      "resolved": "https://r2.cnpmjs.org/sqlstring/-/sqlstring-2.2.0.tgz",
      "integrity": "sha512-ykqw3eJjyUTlQo06Hku92yCqBwt84cNIW7JFGLHskK/J7h82KlNH6eX5jb7PSXmH2uwndMrUt2AfDvnd+2yQMw==",
      "engines": {
        "node": ">= 0.6"
      }
    },
    "node_modules/string_decoder": {
      "version": "0.10.31",
      "resolved": "https://r2.cnpmjs.org/string_decoder/-/string_decoder-0.10.31.tgz",
      "integrity": "sha512-ev2QzSzWPYmy9GuqfIVildA4OdcGLeFZQrq5ys6RtiuF+RQQiZWr8TZNyAcuVXyQRYfEO+MsoB/1BuQVhOJuoQ=="
    },
    "node_modules/to-array": {
      "version": "0.1.4",
      "resolved": "https://r2.cnpmjs.org/to-array/-/to-array-0.1.4.tgz",
      "integrity": "sha512-LhVdShQD/4Mk4zXNroIQZJC+Ap3zgLcDuwEdcmLv9CCO73NWockQDwyUnW/m8VX/EElfL6FcYx7EeutN4HJA6A=="
    },
    "node_modules/ultron": {
      "version": "1.0.2",
      "resolved": "https://r2.cnpmjs.org/ultron/-/ultron-1.0.2.tgz",
      "integrity": "sha512-QMpnpVtYaWEeY+MwKDN/UdKlE/LsFZXM5lO1u7GaZzNgmIbGixHEmVMIKT+vqYOALu3m5GYQy9kz4Xu4IVn7Ow=="
    },
    "node_modules/underscore": {
      "version": "1.5.2",
      "resolved": "https://r2.cnpmjs.org/underscore/-/underscore-1.5.2.tgz",
      "integrity": "sha512-yejOFsRnTJs0N9CK5Apzf6maDO2djxGoLLrlZlvGs2o9ZQuhIhDL18rtFyy4FBIbOkzA6+4hDgXbgz5EvDQCXQ=="
    },
    "node_modules/utf-8-validate": {
      "version": "1.2.2",
      "resolved": "https://r2.cnpmjs.org/utf-8-validate/-/utf-8-validate-1.2.2.tgz",
      "integrity": "sha512-CcV1z1L/e1wFAZwl8T6o1MmxIsg/ClZ4nmUolyIhb3ZJKbD/ZQTZXstCf6BiRcvaThSJVI8SqWLodWq/hnWDxQ==",
      "hasInstallScript": true,
      "optional": true,
      "dependencies": {
        "bindings": "~1.2.1",
        "nan": "~2.4.0"
      }
    },
    "node_modules/utf-8-validate/node_modules/nan": {
      "version": "2.4.0",
      "resolved": "https://r2.cnpmjs.org/nan/-/nan-2.4.0.tgz",
      "integrity": "sha512-Ym8Mn5u8D8Fwo7fHWhD7xEyKe/y/J8Epkxp6iJfZhtgnRva+GN+dQddiWGE2cksWCV92K/HzdHlJWo7aZJDlFw==",
      "optional": true
    },
    "node_modules/util": {
      "version": "0.12.5",
      "resolved": "https://r.cnpmjs.org/util/-/util-0.12.5.tgz",
      "integrity": "sha512-kZf/K6hEIrWHI6XqOFUiiMa+79wE/D8Q+NCNAWclkyg3b4d2k7s0QGepNjiABc+aR3N1PAyHL7p6UcLY6LmrnA==",
      "dependencies": {
        "inherits": "^2.0.3",
        "is-arguments": "^1.0.4",
        "is-generator-function": "^1.0.7",
        "is-typed-array": "^1.1.3",
        "which-typed-array": "^1.1.2"
      }
    },
    "node_modules/which-typed-array": {
      "version": "1.1.15",
      "resolved": "https://r.cnpmjs.org/which-typed-array/-/which-typed-array-1.1.15.tgz",
      "integrity": "sha512-oV0jmFtUky6CXfkqehVvBP/LSWJ2sy4vWMioiENyJLePrBO/yKyV9OyJySfAKosh+RYkIl5zJCNZ8/4JncrpdA==",
      "dependencies": {
        "available-typed-arrays": "^1.0.7",
        "call-bind": "^1.0.7",
        "for-each": "^0.3.3",
        "gopd": "^1.0.1",
        "has-tostringtag": "^1.0.2"
      },
      "engines": {
        "node": ">= 0.4"
      }
    },
    "node_modules/ws": {
      "version": "1.1.1",
      "resolved": "https://r.cnpmjs.org/ws/-/ws-1.1.1.tgz",
      "integrity": "sha512-TRtCup+Fxoy1sW9funE4kPxA0KfaMc7g68DoKN+Uu9Ej+zr9We3DWVJ2XgiGtXlibqA7IWOV+Xe6xlUxPputfg==",
      "dependencies": {
        "options": ">=0.0.5",
        "ultron": "1.0.x"
      }
    },
    "node_modules/wtf-8": {
      "version": "1.0.0",
      "resolved": "https://r2.cnpmjs.org/wtf-8/-/wtf-8-1.0.0.tgz",
      "integrity": "sha512-qfR6ovmRRMxNHgUNYI9LRdVofApe/eYrv4ggNOvvCP+pPdEo9Ym93QN4jUceGD6PignBbp2zAzgoE7GibAdq2A=="
    },
    "node_modules/xmlhttprequest-ssl": {
      "version": "1.6.3",
      "resolved": "https://r2.cnpmjs.org/xmlhttprequest-ssl/-/xmlhttprequest-ssl-1.6.3.tgz",
      "integrity": "sha512-3XfeQE/wNkvrIktn2Kf0869fC0BN6UpydVasGIeSm2B1Llihf7/0UfZM+eCkOw3P7bP4+qPgqhm7ZoxuJtFU0Q==",
      "engines": {
        "node": ">=0.4.0"
      }
    },
    "node_modules/yeast": {
      "version": "0.1.2",
      "resolved": "https://r2.cnpmjs.org/yeast/-/yeast-0.1.2.tgz",
      "integrity": "sha512-8HFIh676uyGYP6wP13R/j6OJ/1HwJ46snpvzE7aHAN3Ryqh2yX6Xox2B4CUmTwwOIzlG3Bs7ocsP5dZH/R1Qbg=="
    }
  }
}
